
Microsoft Visual Studio Solution File, Format Version 12.00
# Visual Studio Version 16
VisualStudioVersion = 16.0.30114.105
MinimumVisualStudioVersion = 10.0.40219.1
Project("{FAE04EC0-301F-11D3-BF4B-00C04F79EFBC}") = "EMR", "EMR\EMR.csproj", "{B7BDB12C-6BD0-48D9-8A3D-90223E213738}"
EndProject
Global
	GlobalSection(SolutionConfigurationPlatforms) = preSolution
		Debug|Any CPU = Debug|Any CPU
		Release|Any CPU = Release|Any CPU
	EndGlobalSection
	GlobalSection(ProjectConfigurationPlatforms) = postSolution
		{B7BDB12C-6BD0-48D9-8A3D-90223E213738}.Debug|Any CPU.ActiveCfg = Debug|Any CPU
		{B7BDB12C-6BD0-48D9-8A3D-90223E213738}.Debug|Any CPU.Build.0 = Debug|Any CPU
		{B7BDB12C-6BD0-48D9-8A3D-90223E213738}.Release|Any CPU.ActiveCfg = Release|Any CPU
		{B7BDB12C-6BD0-48D9-8A3D-90223E213738}.Release|Any CPU.Build.0 = Release|Any CPU
	EndGlobalSection
	GlobalSection(SolutionProperties) = preSolution
		HideSolutionNode = FALSE
	EndGlobalSection
	GlobalSection(ExtensibilityGlobals) = postSolution
		SolutionGuid = {75771587-C2AF-410C-ADF2-D9B13D257123}
	EndGlobalSection
EndGlobal
